
Microsoft Visual Studio Solution File, Format Version 12.00
# Visual Studio 15
VisualStudioVersion = 15.0.27004.2002
MinimumVisualStudioVersion = 10.0.40219.1
Project("{FAE04EC0-301F-11D3-BF4B-00C04F79EFBC}") = "StudentRegDatabase", "StudentRegDatabase\StudentRegDatabase.csproj", "{44AC7CD3-1A08-4B5D-82BE-B9EB949F93AB}"
EndProject
Global
	GlobalSection(SolutionConfigurationPlatforms) = preSolution
		Debug|Any CPU = Debug|Any CPU
		Release|Any CPU = Release|Any CPU
	EndGlobalSection
	GlobalSection(ProjectConfigurationPlatforms) = postSolution
		{44AC7CD3-1A08-4B5D-82BE-B9EB949F93AB}.Debug|Any CPU.ActiveCfg = Debug|Any CPU
		{44AC7CD3-1A08-4B5D-82BE-B9EB949F93AB}.Debug|Any CPU.Build.0 = Debug|Any CPU
		{44AC7CD3-1A08-4B5D-82BE-B9EB949F93AB}.Release|Any CPU.ActiveCfg = Release|Any CPU
		{44AC7CD3-1A08-4B5D-82BE-B9EB949F93AB}.Release|Any CPU.Build.0 = Release|Any CPU
	EndGlobalSection
	GlobalSection(SolutionProperties) = preSolution
		HideSolutionNode = FALSE
	EndGlobalSection
	GlobalSection(ExtensibilityGlobals) = postSolution
		SolutionGuid = {38CC8856-1071-4652-896D-7E6F5596E8E2}
	EndGlobalSection
EndGlobal
